
Microsoft Visual Studio Solution File, Format Version 12.00
# Visual Studio Version 17
VisualStudioVersion = 17.5.33627.172
MinimumVisualStudioVersion = 10.0.40219.1
Project("{8BC9CEB8-8B4A-11D0-8D11-00A0C91BC942}") = "projectEuler4", "projectEuler4.vcxproj", "{83830822-413F-4FCA-8C9C-FD524416BB7F}"
EndProject
Global
	GlobalSection(SolutionConfigurationPlatforms) = preSolution
		Debug|x64 = Debug|x64
		Debug|x86 = Debug|x86
		Release|x64 = Release|x64
		Release|x86 = Release|x86
	EndGlobalSection
	GlobalSection(ProjectConfigurationPlatforms) = postSolution
		{83830822-413F-4FCA-8C9C-FD524416BB7F}.Debug|x64.ActiveCfg = Debug|x64
		{83830822-413F-4FCA-8C9C-FD524416BB7F}.Debug|x64.Build.0 = Debug|x64
		{83830822-413F-4FCA-8C9C-FD524416BB7F}.Debug|x86.ActiveCfg = Debug|Win32
		{83830822-413F-4FCA-8C9C-FD524416BB7F}.Debug|x86.Build.0 = Debug|Win32
		{83830822-413F-4FCA-8C9C-FD524416BB7F}.Release|x64.ActiveCfg = Release|x64
		{83830822-413F-4FCA-8C9C-FD524416BB7F}.Release|x64.Build.0 = Release|x64
		{83830822-413F-4FCA-8C9C-FD524416BB7F}.Release|x86.ActiveCfg = Release|Win32
		{83830822-413F-4FCA-8C9C-FD524416BB7F}.Release|x86.Build.0 = Release|Win32
	EndGlobalSection
	GlobalSection(SolutionProperties) = preSolution
		HideSolutionNode = FALSE
	EndGlobalSection
	GlobalSection(ExtensibilityGlobals) = postSolution
		SolutionGuid = {0C5A4CBD-59DE-4163-95A2-92085F56E9F8}
	EndGlobalSection
EndGlobal
